Microsoft Visual Studio Solution File, Format Version 11.00
# Visual Studio 2008

Project("{DCAF4521-B472-D43B-3AE7-98D2E3763A70}") = "Angry Thunderbolt Machine", "Assembly-CSharp-firstpass.csproj", "{EEB34089-17FD-69C1-ADBF-FA4DB216270A}"
EndProject
Project("{DCAF4521-B472-D43B-3AE7-98D2E3763A70}") = "Angry Thunderbolt Machine", "Assembly-CSharp.csproj", "{684DB21B-82CB-3AF0-B895-A3E4BD521CAB}"
EndProject
Project("{DCAF4521-B472-D43B-3AE7-98D2E3763A70}") = "Angry Thunderbolt Machine", "Assembly-UnityScript-firstpass.unityproj", "{B4707804-E53A-E0B2-42A9-3F90998D235A}"
EndProject
Global
	GlobalSection(SolutionConfigurationPlatforms) = preSolution
		Debug|Any CPU = Debug|Any CPU
		Release|Any CPU = Release|Any CPU
	EndGlobalSection
	GlobalSection(ProjectConfigurationPlatforms) = postSolution
		{EEB34089-17FD-69C1-ADBF-FA4DB216270A}.Debug|Any CPU.ActiveCfg = Debug|Any CPU
		{EEB34089-17FD-69C1-ADBF-FA4DB216270A}.Debug|Any CPU.Build.0 = Debug|Any CPU
		{EEB34089-17FD-69C1-ADBF-FA4DB216270A}.Release|Any CPU.ActiveCfg = Release|Any CPU
		{EEB34089-17FD-69C1-ADBF-FA4DB216270A}.Release|Any CPU.Build.0 = Release|Any CPU
		{684DB21B-82CB-3AF0-B895-A3E4BD521CAB}.Debug|Any CPU.ActiveCfg = Debug|Any CPU
		{684DB21B-82CB-3AF0-B895-A3E4BD521CAB}.Debug|Any CPU.Build.0 = Debug|Any CPU
		{684DB21B-82CB-3AF0-B895-A3E4BD521CAB}.Release|Any CPU.ActiveCfg = Release|Any CPU
		{684DB21B-82CB-3AF0-B895-A3E4BD521CAB}.Release|Any CPU.Build.0 = Release|Any CPU
		{B4707804-E53A-E0B2-42A9-3F90998D235A}.Debug|Any CPU.ActiveCfg = Debug|Any CPU
		{B4707804-E53A-E0B2-42A9-3F90998D235A}.Debug|Any CPU.Build.0 = Debug|Any CPU
		{B4707804-E53A-E0B2-42A9-3F90998D235A}.Release|Any CPU.ActiveCfg = Release|Any CPU
		{B4707804-E53A-E0B2-42A9-3F90998D235A}.Release|Any CPU.Build.0 = Release|Any CPU
	EndGlobalSection
	GlobalSection(SolutionProperties) = preSolution
		HideSolutionNode = FALSE
	EndGlobalSection
		GlobalSection(MonoDevelopProperties) = preSolution
		StartupItem = Assembly-CSharp.csproj
		Policies = $0
		$0.TextStylePolicy = $1
		$1.inheritsSet = null
		$1.scope = text/x-csharp
		$0.CSharpFormattingPolicy = $2
		$2.inheritsSet = Mono
		$2.inheritsScope = text/x-csharp
		$2.scope = text/x-csharp
		$0.TextStylePolicy = $3
		$3.FileWidth = 120
		$3.TabWidth = 4
		$3.EolMarker = Unix
		$3.inheritsSet = Mono
		$3.inheritsScope = text/plain
		$3.scope = text/plain
	EndGlobalSection

EndGlobal
